{
  "schema_version": 2,
  "cargo_lock_sha256": "5f413d685ef6406272b5f47f47ea8fe48e710b566e5d3fc67ef65b251b2c6942",
  "manifest_sha256": {
    "Cargo.toml": "f7f965b7fa8eb0b6777b0bb44aea8f81a7106b0506be9f86534241a2cab4f56f"
  },
  "target_resolves": {
    "base": {
      "arch-synthesizer-types-0.1.1": {
        "runtime_dependencies": [],
        "build_dependencies": [],
        "features": []
      }
    },
    "targets": {
      "aarch64-apple-darwin": {
        "overrides": {}
      },
      "aarch64-unknown-linux-gnu": {
        "overrides": {}
      },
      "aarch64-unknown-linux-musl": {
        "overrides": {}
      },
      "x86_64-apple-darwin": {
        "overrides": {}
      },
      "x86_64-unknown-linux-gnu": {
        "overrides": {}
      },
      "x86_64-unknown-linux-musl": {
        "overrides": {}
      }
    }
  },
  "per_crate": {
    "arch-synthesizer-types-0.1.1": {
      "edition": "2024",
      "lib_target": {
        "name": "arch_synthesizer_types",
        "path": "src/lib.rs"
      }
    }
  },
  "git_nar_sha256": {},
  "flake_metadata": {}
}
